
Microsoft Visual Studio Solution File, Format Version 12.00
# Visual Studio Version 16
VisualStudioVersion = 16.0.29509.3
MinimumVisualStudioVersion = 10.0.40219.1
Project("{FAE04EC0-301F-11D3-BF4B-00C04F79EFBC}") = "RestartProcess", "RestartProcess.csproj", "{BEC246F4-74DC-4F69-AB15-44DF6A3F0F7A}"
EndProject
Global
	GlobalSection(SolutionConfigurationPlatforms) = preSolution
		Debug|Any CPU = Debug|Any CPU
		Release|Any CPU = Release|Any CPU
	EndGlobalSection
	GlobalSection(ProjectConfigurationPlatforms) = postSolution
		{BEC246F4-74DC-4F69-AB15-44DF6A3F0F7A}.Debug|Any CPU.ActiveCfg = Debug|Any CPU
		{BEC246F4-74DC-4F69-AB15-44DF6A3F0F7A}.Debug|Any CPU.Build.0 = Debug|Any CPU
		{BEC246F4-74DC-4F69-AB15-44DF6A3F0F7A}.Release|Any CPU.ActiveCfg = Release|Any CPU
		{BEC246F4-74DC-4F69-AB15-44DF6A3F0F7A}.Release|Any CPU.Build.0 = Release|Any CPU
	EndGlobalSection
	GlobalSection(SolutionProperties) = preSolution
		HideSolutionNode = FALSE
	EndGlobalSection
	GlobalSection(ExtensibilityGlobals) = postSolution
		SolutionGuid = {59265373-112A-4015-8445-6091AEDF7905}
	EndGlobalSection
EndGlobal
